
Microsoft Visual Studio Solution File, Format Version 12.00
# Visual Studio Version 17
VisualStudioVersion = 17.0.31903.59
MinimumVisualStudioVersion = 10.0.40219.1
Project("{FAE04EC0-301F-11D3-BF4B-00C04F79EFBC}") = "MtgTrader.WebApi", "MtgTrader.WebApi\MtgTrader.WebApi.csproj", "{50CC4C10-D098-4BED-80DD-DFE387203989}"
EndProject
Project("{FAE04EC0-301F-11D3-BF4B-00C04F79EFBC}") = "MtgTrader.Core", "MtgTrader.Core\MtgTrader.Core.csproj", "{CF997132-9DAD-4A07-BF18-A519E785D744}"
EndProject
Project("{FAE04EC0-301F-11D3-BF4B-00C04F79EFBC}") = "MtgTrader.Tests", "MtgTrader.Tests\MtgTrader.Tests.csproj", "{C38730D5-C970-4E8C-9A42-4920275D5DA5}"
EndProject
Global
	GlobalSection(SolutionConfigurationPlatforms) = preSolution
		Debug|Any CPU = Debug|Any CPU
		Release|Any CPU = Release|Any CPU
	EndGlobalSection
	GlobalSection(SolutionProperties) = preSolution
		HideSolutionNode = FALSE
	EndGlobalSection
	GlobalSection(ProjectConfigurationPlatforms) = postSolution
		{50CC4C10-D098-4BED-80DD-DFE387203989}.Debug|Any CPU.ActiveCfg = Debug|Any CPU
		{50CC4C10-D098-4BED-80DD-DFE387203989}.Debug|Any CPU.Build.0 = Debug|Any CPU
		{50CC4C10-D098-4BED-80DD-DFE387203989}.Release|Any CPU.ActiveCfg = Release|Any CPU
		{50CC4C10-D098-4BED-80DD-DFE387203989}.Release|Any CPU.Build.0 = Release|Any CPU
		{CF997132-9DAD-4A07-BF18-A519E785D744}.Debug|Any CPU.ActiveCfg = Debug|Any CPU
		{CF997132-9DAD-4A07-BF18-A519E785D744}.Debug|Any CPU.Build.0 = Debug|Any CPU
		{CF997132-9DAD-4A07-BF18-A519E785D744}.Release|Any CPU.ActiveCfg = Release|Any CPU
		{CF997132-9DAD-4A07-BF18-A519E785D744}.Release|Any CPU.Build.0 = Release|Any CPU
		{C38730D5-C970-4E8C-9A42-4920275D5DA5}.Debug|Any CPU.ActiveCfg = Debug|Any CPU
		{C38730D5-C970-4E8C-9A42-4920275D5DA5}.Debug|Any CPU.Build.0 = Debug|Any CPU
		{C38730D5-C970-4E8C-9A42-4920275D5DA5}.Release|Any CPU.ActiveCfg = Release|Any CPU
		{C38730D5-C970-4E8C-9A42-4920275D5DA5}.Release|Any CPU.Build.0 = Release|Any CPU
	EndGlobalSection
EndGlobal
